
Microsoft Visual Studio Solution File, Format Version 12.00
# Visual Studio 15
Project("{D954291E-2A0B-460D-934E-DC6B0785DB48}") = "Timecard", "Timecard\Timecard.shproj", "{0B368E2A-E954-4ED2-A4AD-0C95C4E6A581}"
EndProject
Project("{FAE04EC0-301F-11D3-BF4B-00C04F79EFBC}") = "Timecard.iOS", "iOS\Timecard.iOS.csproj", "{320BD911-9892-4710-BADD-E100A5233480}"
EndProject
Project("{FAE04EC0-301F-11D3-BF4B-00C04F79EFBC}") = "Timecard.UITests", "Timecard.UITests\Timecard.UITests.csproj", "{A7408DC5-CEC6-4386-B45F-A251091E5518}"
EndProject
Global
	GlobalSection(SolutionConfigurationPlatforms) = preSolution
		Debug|iPhoneSimulator = Debug|iPhoneSimulator
		Release|iPhone = Release|iPhone
		Release|iPhoneSimulator = Release|iPhoneSimulator
		Debug|iPhone = Debug|iPhone
		Debug|Any CPU = Debug|Any CPU
		Release|Any CPU = Release|Any CPU
	EndGlobalSection
	GlobalSection(ProjectConfigurationPlatforms) = postSolution
		{320BD911-9892-4710-BADD-E100A5233480}.Debug|iPhoneSimulator.ActiveCfg = Debug|iPhoneSimulator
		{320BD911-9892-4710-BADD-E100A5233480}.Debug|iPhoneSimulator.Build.0 = Debug|iPhoneSimulator
		{320BD911-9892-4710-BADD-E100A5233480}.Release|iPhone.ActiveCfg = Release|iPhone
		{320BD911-9892-4710-BADD-E100A5233480}.Release|iPhone.Build.0 = Release|iPhone
		{320BD911-9892-4710-BADD-E100A5233480}.Release|iPhoneSimulator.ActiveCfg = Release|iPhoneSimulator
		{320BD911-9892-4710-BADD-E100A5233480}.Release|iPhoneSimulator.Build.0 = Release|iPhoneSimulator
		{320BD911-9892-4710-BADD-E100A5233480}.Debug|iPhone.ActiveCfg = Debug|iPhone
		{320BD911-9892-4710-BADD-E100A5233480}.Debug|iPhone.Build.0 = Debug|iPhone
		{320BD911-9892-4710-BADD-E100A5233480}.Debug|Any CPU.ActiveCfg = Debug|iPhoneSimulator
		{320BD911-9892-4710-BADD-E100A5233480}.Debug|Any CPU.Build.0 = Debug|iPhoneSimulator
		{320BD911-9892-4710-BADD-E100A5233480}.Release|Any CPU.ActiveCfg = Release|iPhone
		{320BD911-9892-4710-BADD-E100A5233480}.Release|Any CPU.Build.0 = Release|iPhone
		{A7408DC5-CEC6-4386-B45F-A251091E5518}.Debug|iPhoneSimulator.ActiveCfg = Debug|Any CPU
		{A7408DC5-CEC6-4386-B45F-A251091E5518}.Debug|iPhoneSimulator.Build.0 = Debug|Any CPU
		{A7408DC5-CEC6-4386-B45F-A251091E5518}.Release|iPhone.ActiveCfg = Release|Any CPU
		{A7408DC5-CEC6-4386-B45F-A251091E5518}.Release|iPhone.Build.0 = Release|Any CPU
		{A7408DC5-CEC6-4386-B45F-A251091E5518}.Release|iPhoneSimulator.ActiveCfg = Release|Any CPU
		{A7408DC5-CEC6-4386-B45F-A251091E5518}.Release|iPhoneSimulator.Build.0 = Release|Any CPU
		{A7408DC5-CEC6-4386-B45F-A251091E5518}.Debug|iPhone.ActiveCfg = Debug|Any CPU
		{A7408DC5-CEC6-4386-B45F-A251091E5518}.Debug|iPhone.Build.0 = Debug|Any CPU
		{A7408DC5-CEC6-4386-B45F-A251091E5518}.Debug|Any CPU.ActiveCfg = Debug|Any CPU
		{A7408DC5-CEC6-4386-B45F-A251091E5518}.Debug|Any CPU.Build.0 = Debug|Any CPU
		{A7408DC5-CEC6-4386-B45F-A251091E5518}.Release|Any CPU.ActiveCfg = Release|Any CPU
		{A7408DC5-CEC6-4386-B45F-A251091E5518}.Release|Any CPU.Build.0 = Release|Any CPU
	EndGlobalSection
EndGlobal
